github.com/gerow/go-color v0.0.0-20140219113758-125d37f527f1 h1:DSA78HTfGC442ChonW9NdWuH5rsfJjTwsYwfIZhYjFo=
github.com/gerow/go-color v0.0.0-20140219113758-125d37f527f1/go.mod h1:uN90NshmoiEU0ECs3cPdEg3wshS8kG9Zez9RmYPuL5A=
github.com/lucasb-eyer/go-colorful v1.2.0 h1:1nnpGOrhyZZuNyfu1QjKiUICQ74+3FNCN69Aj6K7nkY=
github.com/lucasb-eyer/go-colorful v1.2.0/go.mod h1:R4dSotOR9KMtayYi1e77YzuveK+i7ruzyGqttikkLy0=
